{
  "name": "dia-1-html-css-form",
  "lockfileVersion": 2,
  "requires": true,
  "packages": {
    "": {
      "dependencies": {
        "just-validate": "^3.2.2",
        "just-validate-plugin-date": "^1.1.0"
      }
    },
    "node_modules/date-fns": {
      "version": "2.28.0",
      "resolved": "https://registry.npmjs.org/date-fns/-/date-fns-2.28.0.tgz",
      "integrity": "sha512-8d35hViGYx/QH0icHYCeLmsLmMUheMmTyV9Fcm6gvNwdw31yXXH+O85sOBJ+OLnLQMKZowvpKb6FgMIQjcpvQw==",
      "engines": {
        "node": ">=0.11"
      },
      "funding": {
        "type": "opencollective",
        "url": "https://opencollective.com/date-fns"
      }
    },
    "node_modules/just-validate": {
      "version": "3.2.2",
      "resolved": "https://registry.npmjs.org/just-validate/-/just-validate-3.2.2.tgz",
      "integrity": "sha512-j5iprzEuDyNl4H0YMhAmHi3O+GLC3418N3xQsjSt1jOZfXpo+I8GHTK1PaKmTN3ijjmKc3HBmewGEGeN9fm3xA==",
      "engines": {
        "node": "16.x",
        "yarn": "1.x"
      }
    },
    "node_modules/just-validate-plugin-date": {
      "version": "1.1.0",
      "resolved": "https://registry.npmjs.org/just-validate-plugin-date/-/just-validate-plugin-date-1.1.0.tgz",
      "integrity": "sha512-m5FhkwhvYMwb8Ydue5ynEnI6OA7AH0yPP6HqNunlS1+OJwZfxWd54f/ZiwqFzbEwA2/0+swjyTlk1CVwakgAZw==",
      "dependencies": {
        "date-fns": "2.28.0"
      },
      "engines": {
        "node": "16.x",
        "yarn": "1.x"
      }
    }
  },
  "dependencies": {
    "date-fns": {
      "version": "2.28.0",
      "resolved": "https://registry.npmjs.org/date-fns/-/date-fns-2.28.0.tgz",
      "integrity": "sha512-8d35hViGYx/QH0icHYCeLmsLmMUheMmTyV9Fcm6gvNwdw31yXXH+O85sOBJ+OLnLQMKZowvpKb6FgMIQjcpvQw=="
    },
    "just-validate": {
      "version": "3.2.2",
      "resolved": "https://registry.npmjs.org/just-validate/-/just-validate-3.2.2.tgz",
      "integrity": "sha512-j5iprzEuDyNl4H0YMhAmHi3O+GLC3418N3xQsjSt1jOZfXpo+I8GHTK1PaKmTN3ijjmKc3HBmewGEGeN9fm3xA=="
    },
    "just-validate-plugin-date": {
      "version": "1.1.0",
      "resolved": "https://registry.npmjs.org/just-validate-plugin-date/-/just-validate-plugin-date-1.1.0.tgz",
      "integrity": "sha512-m5FhkwhvYMwb8Ydue5ynEnI6OA7AH0yPP6HqNunlS1+OJwZfxWd54f/ZiwqFzbEwA2/0+swjyTlk1CVwakgAZw==",
      "requires": {
        "date-fns": "2.28.0"
      }
    }
  }
}
